{
  "requires": true,
  "lockfileVersion": 1,
  "dependencies": {
    "github-buttons": {
      "version": "2.20.0",
      "resolved": "https://registry.npmjs.org/github-buttons/-/github-buttons-2.20.0.tgz",
      "integrity": "sha512-YXlIjVD4y4TX4e5/RimG2k9Vqe0XSa7o0Vwqfv9M/WeQAuJ658ys1ZXOgrF0b/GfLQ0fmHP8+sMyI+SlNyMx7A=="
    },
    "js-tokens": {
      "version": "4.0.0",
      "resolved": "https://registry.npmjs.org/js-tokens/-/js-tokens-4.0.0.tgz",
      "integrity": "sha512-RdJUflcE3cUzKiMqQgsCu06FPu9UdIJO0beYbPhHN4k6apgJtifcoCtT9bcxOpYBtpD2kCM6Sbzg4CausW/PKQ=="
    },
    "loose-envify": {
      "version": "1.4.0",
      "resolved": "https://registry.npmjs.org/loose-envify/-/loose-envify-1.4.0.tgz",
      "integrity": "sha512-lyuxPGr/Wfhrlem2CL/UcnUc1zcqKAImBDzukY7Y5F/yQiNdko6+fRLevlw1HgMySw7f611UIY408EtxRSoK3Q==",
      "requires": {
        "js-tokens": "^3.0.0 || ^4.0.0"
      }
    },
    "object-assign": {
      "version": "4.1.1",
      "resolved": "https://registry.npmjs.org/object-assign/-/object-assign-4.1.1.tgz",
      "integrity": "sha1-IQmtx5ZYh8/AXLvUQsrIv7s2CGM="
    },
    "prop-types": {
      "version": "15.7.2",
      "resolved": "https://registry.npmjs.org/prop-types/-/prop-types-15.7.2.tgz",
      "integrity": "sha512-8QQikdH7//R2vurIJSutZ1smHYTcLpRWEOlHnzcWHmBYrOGUysKwSsrC89BCiFj3CbrfJ/nXFdJepOVrY1GCHQ==",
      "requires": {
        "loose-envify": "^1.4.0",
        "object-assign": "^4.1.1",
        "react-is": "^16.8.1"
      }
    },
    "react-github-btn": {
      "version": "1.2.0",
      "resolved": "https://registry.npmjs.org/react-github-btn/-/react-github-btn-1.2.0.tgz",
      "integrity": "sha512-/b2TGTeek5Ky+KtuP5BxOaXgb1FGhbwgZNI6rkwkGk7+xtCtsNMkdchOcCnC3qU1JGTWPKzYZWpPBIouVhXAoQ==",
      "requires": {
        "github-buttons": "^2.8.0"
      }
    },
    "react-is": {
      "version": "16.13.1",
      "resolved": "https://registry.npmjs.org/react-is/-/react-is-16.13.1.tgz",
      "integrity": "sha512-24e6ynE2H+OKt4kqsOvNd8kBpV65zoxbA4BVsEOB3ARVWQki/DHzaUoC5KuON/BiccDaCCTZBuOcfZs70kR8bQ=="
    },
    "react-search-field": {
      "version": "2.0.1",
      "resolved": "https://registry.npmjs.org/react-search-field/-/react-search-field-2.0.1.tgz",
      "integrity": "sha512-4Qoe145ykncVhyA1gfoUEXTbiMdnJLIb4CFFo7vZT/sKn140HmP621W/4EtMEot3CThnUzxRPowPWybxDSipyA==",
      "requires": {
        "prop-types": "15.7.2",
        "react-github-btn": "1.2.0",
        "typeco": "1.0.0"
      }
    },
    "typeco": {
      "version": "1.0.0",
      "resolved": "https://registry.npmjs.org/typeco/-/typeco-1.0.0.tgz",
      "integrity": "sha512-3mWzemIyiY5jL/fmW2sZp1vv7ifQ5ONjF6fT/4RMHJw3/1oabumpxvYZ9D+z01a5wRFSRPPXZkQjM4WIUzY+GA=="
    }
  }
}
